# THIS IS AN AUTOGENERATED FILE. DO NOT EDIT THIS FILE DIRECTLY.
# yarn lockfile v1


"@types/cytoscape@^3.8.6":
  version "3.8.6"
  resolved "https://registry.yarnpkg.com/@types/cytoscape/-/cytoscape-3.8.6.tgz#2f8c0a6a1300df7609dd97b41b9d93a5501e985a"
  integrity sha512-oPP1SyTcotZ+HOmNSaZ/cVqykn9HMsw49kCW7Mnhrg3aQnG33NkAx+YRffhCoWvWJs9ZeTaGfdMsLQXwq7moDQ==

cytoscape@^3.12.1:
  version "3.12.1"
  resolved "https://registry.yarnpkg.com/cytoscape/-/cytoscape-3.12.1.tgz#48fe85481ba7ba4c3b77396426b6b9cc27fe2bb4"
  integrity sha512-/TIrNXcWZdjTgB2BK2oJfroO8IAM6XSu9lCGEe3boJ68KHqH0fbSrc0tIOfibkzkMfUhFLNed9tcaoYdjxOnTQ==
  dependencies:
    heap "^0.2.6"
    lodash.debounce "^4.0.8"

heap@^0.2.6:
  version "0.2.6"
  resolved "https://registry.yarnpkg.com/heap/-/heap-0.2.6.tgz#087e1f10b046932fc8594dd9e6d378afc9d1e5ac"
  integrity sha1-CH4fELBGky/IWU3Z5tN4r8nR5aw=

lodash.debounce@^4.0.8:
  version "4.0.8"
  resolved "https://registry.yarnpkg.com/lodash.debounce/-/lodash.debounce-4.0.8.tgz#82d79bff30a67c4005ffd5e2515300ad9ca4d7af"
  integrity sha1-gteb/zCmfEAF/9XiUVMArZyk168=

std@0.1.x:
  version "0.1.40"
  resolved "https://registry.yarnpkg.com/std/-/std-0.1.40.tgz#3678a5f65094d9e1b6b5e26edbfc0212b8342b71"
  integrity sha1-Nnil9lCU2eG2teJu2/wCErg0K3E=

typescript@^3.7.3:
  version "3.7.3"
  resolved "https://registry.yarnpkg.com/typescript/-/typescript-3.7.3.tgz#b36840668a16458a7025b9eabfad11b66ab85c69"
  integrity sha512-Mcr/Qk7hXqFBXMN7p7Lusj1ktCBydylfQM/FZCk5glCNQJrCUKPkMHdo9R0MTFWsC/4kPFvDS0fDPvukfCkFsw==

ui@^0.2.4:
  version "0.2.4"
  resolved "https://registry.yarnpkg.com/ui/-/ui-0.2.4.tgz#39b7c8086b2b1b64a72c6437c38ddc7c4e4e836d"
  integrity sha1-ObfICGsrG2SnLGQ3w43cfE5Og20=
  dependencies:
    std "0.1.x"
